
Microsoft Visual Studio Solution File, Format Version 12.00
# Visual Studio Version 16
VisualStudioVersion = 16.0.29728.190
MinimumVisualStudioVersion = 10.0.40219.1
Project("{9A19103F-16F7-4668-BE54-9A1E7A4F7556}") = "Workflows", "Workflows\Workflows.csproj", "{1B71352A-429F-4C13-97A6-EA572AC8508A}"
EndProject
Project("{9A19103F-16F7-4668-BE54-9A1E7A4F7556}") = "Webresources", "Webresources\Webresources.csproj", "{200DFEB4-AE4F-4E18-80C4-C78702819526}"
EndProject
Project("{FAE04EC0-301F-11D3-BF4B-00C04F79EFBC}") = "STA.CommercialCRM.Plugins", "STA.CommercialCRM.Plugins\STA.CommercialCRM.Plugins.csproj", "{613C42D9-ED20-448B-B9BE-83142B005B7A}"
EndProject
Global
	GlobalSection(SolutionConfigurationPlatforms) = preSolution
		Debug|Any CPU = Debug|Any CPU
		Release|Any CPU = Release|Any CPU
	EndGlobalSection
	GlobalSection(ProjectConfigurationPlatforms) = postSolution
		{1B71352A-429F-4C13-97A6-EA572AC8508A}.Debug|Any CPU.ActiveCfg = Debug|Any CPU
		{1B71352A-429F-4C13-97A6-EA572AC8508A}.Debug|Any CPU.Build.0 = Debug|Any CPU
		{1B71352A-429F-4C13-97A6-EA572AC8508A}.Release|Any CPU.ActiveCfg = Release|Any CPU
		{1B71352A-429F-4C13-97A6-EA572AC8508A}.Release|Any CPU.Build.0 = Release|Any CPU
		{200DFEB4-AE4F-4E18-80C4-C78702819526}.Debug|Any CPU.ActiveCfg = Debug|Any CPU
		{200DFEB4-AE4F-4E18-80C4-C78702819526}.Debug|Any CPU.Build.0 = Debug|Any CPU
		{200DFEB4-AE4F-4E18-80C4-C78702819526}.Release|Any CPU.ActiveCfg = Release|Any CPU
		{200DFEB4-AE4F-4E18-80C4-C78702819526}.Release|Any CPU.Build.0 = Release|Any CPU
		{613C42D9-ED20-448B-B9BE-83142B005B7A}.Debug|Any CPU.ActiveCfg = Debug|Any CPU
		{613C42D9-ED20-448B-B9BE-83142B005B7A}.Debug|Any CPU.Build.0 = Debug|Any CPU
		{613C42D9-ED20-448B-B9BE-83142B005B7A}.Release|Any CPU.ActiveCfg = Release|Any CPU
		{613C42D9-ED20-448B-B9BE-83142B005B7A}.Release|Any CPU.Build.0 = Release|Any CPU
	EndGlobalSection
	GlobalSection(SolutionProperties) = preSolution
		HideSolutionNode = FALSE
	EndGlobalSection
	GlobalSection(ExtensibilityGlobals) = postSolution
		SolutionGuid = {A1B99EF4-4E3E-45E4-9A52-20E69D643E93}
	EndGlobalSection
	GlobalSection(TeamFoundationVersionControl) = preSolution
		SccNumberOfProjects = 4
		SccEnterpriseProvider = {4CA58AB2-18FA-4F8D-95D4-32DDF27D184C}
		SccTeamFoundationServer = https://dev.azure.com/digitalservicesme
		SccLocalPath0 = .
		SccProjectUniqueName1 = Webresources\\Webresources.csproj
		SccProjectName1 = Webresources
		SccLocalPath1 = Webresources
		SccProjectUniqueName2 = Workflows\\Workflows.csproj
		SccProjectName2 = Workflows
		SccLocalPath2 = Workflows
		SccProjectUniqueName3 = STA.CommercialCRM.Plugins\\STA.CommercialCRM.Plugins.csproj
		SccProjectName3 = STA.CommercialCRM.Plugins
		SccLocalPath3 = STA.CommercialCRM.Plugins
	EndGlobalSection
EndGlobal
